
Microsoft Visual Studio Solution File, Format Version 12.00
# Visual Studio 14
VisualStudioVersion = 14.0.25420.1
MinimumVisualStudioVersion = 10.0.40219.1
Project("{FAE04EC0-301F-11D3-BF4B-00C04F79EFBC}") = "AngularCustomerWebAPI", "AngularCustomerWebAPI\AngularCustomerWebAPI.csproj", "{FDEA6ED0-EAB4-446B-9326-09AA15444F77}"
	ProjectSection(ProjectDependencies) = postProject
		{550780E1-FE6C-43D5-9AED-2022E104B87A} = {550780E1-FE6C-43D5-9AED-2022E104B87A}
	EndProjectSection
EndProject
Project("{FAE04EC0-301F-11D3-BF4B-00C04F79EFBC}") = "CustomerModel", "CustomerModel\CustomerModel.csproj", "{789E7F4A-264A-454C-B582-2CA98A7965C0}"
EndProject
Project("{FAE04EC0-301F-11D3-BF4B-00C04F79EFBC}") = "AngularCustomerService", "AngularCustomerService\AngularCustomerService.csproj", "{550780E1-FE6C-43D5-9AED-2022E104B87A}"
EndProject
Global
	GlobalSection(SolutionConfigurationPlatforms) = preSolution
		Debug|Any CPU = Debug|Any CPU
		Release|Any CPU = Release|Any CPU
	EndGlobalSection
	GlobalSection(ProjectConfigurationPlatforms) = postSolution
		{FDEA6ED0-EAB4-446B-9326-09AA15444F77}.Debug|Any CPU.ActiveCfg = Debug|Any CPU
		{FDEA6ED0-EAB4-446B-9326-09AA15444F77}.Debug|Any CPU.Build.0 = Debug|Any CPU
		{FDEA6ED0-EAB4-446B-9326-09AA15444F77}.Release|Any CPU.ActiveCfg = Release|Any CPU
		{FDEA6ED0-EAB4-446B-9326-09AA15444F77}.Release|Any CPU.Build.0 = Release|Any CPU
		{789E7F4A-264A-454C-B582-2CA98A7965C0}.Debug|Any CPU.ActiveCfg = Debug|Any CPU
		{789E7F4A-264A-454C-B582-2CA98A7965C0}.Debug|Any CPU.Build.0 = Debug|Any CPU
		{789E7F4A-264A-454C-B582-2CA98A7965C0}.Release|Any CPU.ActiveCfg = Release|Any CPU
		{789E7F4A-264A-454C-B582-2CA98A7965C0}.Release|Any CPU.Build.0 = Release|Any CPU
		{550780E1-FE6C-43D5-9AED-2022E104B87A}.Debug|Any CPU.ActiveCfg = Debug|Any CPU
		{550780E1-FE6C-43D5-9AED-2022E104B87A}.Debug|Any CPU.Build.0 = Debug|Any CPU
		{550780E1-FE6C-43D5-9AED-2022E104B87A}.Release|Any CPU.ActiveCfg = Release|Any CPU
		{550780E1-FE6C-43D5-9AED-2022E104B87A}.Release|Any CPU.Build.0 = Release|Any CPU
	EndGlobalSection
	GlobalSection(SolutionProperties) = preSolution
		HideSolutionNode = FALSE
	EndGlobalSection
EndGlobal
