
Microsoft Visual Studio Solution File, Format Version 12.00
# Visual Studio Version 17
VisualStudioVersion = 17.10.35122.118
MinimumVisualStudioVersion = 10.0.40219.1
Project("{9A19103F-16F7-4668-BE54-9A1E7A4F7556}") = "DateTimeTest", "src\DateTimeTest.csproj", "{668EDB36-D919-4CAB-8FC8-C6458B4D7401}"
EndProject
Project("{FAE04EC0-301F-11D3-BF4B-00C04F79EFBC}") = "DateTimeTest.XUnitTest", "tests\DateTimeTest.XUnitTest\DateTimeTest.XUnitTest.csproj", "{904B0C66-9176-475B-99EA-EE27C02F5F06}"
EndProject
Global
	GlobalSection(SolutionConfigurationPlatforms) = preSolution
		Debug|Any CPU = Debug|Any CPU
		Release|Any CPU = Release|Any CPU
	EndGlobalSection
	GlobalSection(ProjectConfigurationPlatforms) = postSolution
		{668EDB36-D919-4CAB-8FC8-C6458B4D7401}.Debug|Any CPU.ActiveCfg = Debug|Any CPU
		{668EDB36-D919-4CAB-8FC8-C6458B4D7401}.Debug|Any CPU.Build.0 = Debug|Any CPU
		{668EDB36-D919-4CAB-8FC8-C6458B4D7401}.Release|Any CPU.ActiveCfg = Release|Any CPU
		{668EDB36-D919-4CAB-8FC8-C6458B4D7401}.Release|Any CPU.Build.0 = Release|Any CPU
		{904B0C66-9176-475B-99EA-EE27C02F5F06}.Debug|Any CPU.ActiveCfg = Debug|Any CPU
		{904B0C66-9176-475B-99EA-EE27C02F5F06}.Debug|Any CPU.Build.0 = Debug|Any CPU
		{904B0C66-9176-475B-99EA-EE27C02F5F06}.Release|Any CPU.ActiveCfg = Release|Any CPU
		{904B0C66-9176-475B-99EA-EE27C02F5F06}.Release|Any CPU.Build.0 = Release|Any CPU
	EndGlobalSection
	GlobalSection(SolutionProperties) = preSolution
		HideSolutionNode = FALSE
	EndGlobalSection
	GlobalSection(ExtensibilityGlobals) = postSolution
		SolutionGuid = {3D79E627-3671-40D5-BBA5-6161F37107E1}
	EndGlobalSection
EndGlobal
