
Microsoft Visual Studio Solution File, Format Version 12.00
# Visual Studio Version 17
VisualStudioVersion = 17.10.35122.118
MinimumVisualStudioVersion = 10.0.40219.1
Project("{9A19103F-16F7-4668-BE54-9A1E7A4F7556}") = "GraphQLTest", "GraphQLTest.csproj", "{0D495C6F-BFC0-405A-8A53-BC31A16BDC2B}"
EndProject
Global
	GlobalSection(SolutionConfigurationPlatforms) = preSolution
		Debug|Any CPU = Debug|Any CPU
		Release|Any CPU = Release|Any CPU
	EndGlobalSection
	GlobalSection(ProjectConfigurationPlatforms) = postSolution
		{0D495C6F-BFC0-405A-8A53-BC31A16BDC2B}.Debug|Any CPU.ActiveCfg = Debug|Any CPU
		{0D495C6F-BFC0-405A-8A53-BC31A16BDC2B}.Debug|Any CPU.Build.0 = Debug|Any CPU
		{0D495C6F-BFC0-405A-8A53-BC31A16BDC2B}.Release|Any CPU.ActiveCfg = Release|Any CPU
		{0D495C6F-BFC0-405A-8A53-BC31A16BDC2B}.Release|Any CPU.Build.0 = Release|Any CPU
	EndGlobalSection
	GlobalSection(SolutionProperties) = preSolution
		HideSolutionNode = FALSE
	EndGlobalSection
	GlobalSection(ExtensibilityGlobals) = postSolution
		SolutionGuid = {93B9E5D3-C645-477D-AC58-52B60591CFD8}
	EndGlobalSection
EndGlobal
