
Microsoft Visual Studio Solution File, Format Version 11.00
# Visual Studio 2010
Project("{FAE04EC0-301F-11D3-BF4B-00C04F79EFBC}") = "myHost", "myHost\myHost.csproj", "{C03F3839-323B-4919-8A6F-7370186917C0}"
EndProject
Project("{FAE04EC0-301F-11D3-BF4B-00C04F79EFBC}") = "MyClient", "MyClient\MyClient.csproj", "{BF18C7F8-97B3-4D77-9550-5A98EAA3E093}"
EndProject
Project("{FAE04EC0-301F-11D3-BF4B-00C04F79EFBC}") = "MyLibrary", "MyLibrary\MyLibrary.csproj", "{22D7CC3F-7949-4D01-BC29-5EFCBCF778A9}"
EndProject
Global
	GlobalSection(SolutionConfigurationPlatforms) = preSolution
		Debug|Any CPU = Debug|Any CPU
		Debug|Mixed Platforms = Debug|Mixed Platforms
		Debug|x86 = Debug|x86
		Release|Any CPU = Release|Any CPU
		Release|Mixed Platforms = Release|Mixed Platforms
		Release|x86 = Release|x86
	EndGlobalSection
	GlobalSection(ProjectConfigurationPlatforms) = postSolution
		{C03F3839-323B-4919-8A6F-7370186917C0}.Debug|Any CPU.ActiveCfg = Debug|x86
		{C03F3839-323B-4919-8A6F-7370186917C0}.Debug|Mixed Platforms.ActiveCfg = Debug|x86
		{C03F3839-323B-4919-8A6F-7370186917C0}.Debug|Mixed Platforms.Build.0 = Debug|x86
		{C03F3839-323B-4919-8A6F-7370186917C0}.Debug|x86.ActiveCfg = Debug|x86
		{C03F3839-323B-4919-8A6F-7370186917C0}.Debug|x86.Build.0 = Debug|x86
		{C03F3839-323B-4919-8A6F-7370186917C0}.Release|Any CPU.ActiveCfg = Release|x86
		{C03F3839-323B-4919-8A6F-7370186917C0}.Release|Mixed Platforms.ActiveCfg = Release|x86
		{C03F3839-323B-4919-8A6F-7370186917C0}.Release|Mixed Platforms.Build.0 = Release|x86
		{C03F3839-323B-4919-8A6F-7370186917C0}.Release|x86.ActiveCfg = Release|x86
		{C03F3839-323B-4919-8A6F-7370186917C0}.Release|x86.Build.0 = Release|x86
		{BF18C7F8-97B3-4D77-9550-5A98EAA3E093}.Debug|Any CPU.ActiveCfg = Debug|x86
		{BF18C7F8-97B3-4D77-9550-5A98EAA3E093}.Debug|Mixed Platforms.ActiveCfg = Debug|x86
		{BF18C7F8-97B3-4D77-9550-5A98EAA3E093}.Debug|Mixed Platforms.Build.0 = Debug|x86
		{BF18C7F8-97B3-4D77-9550-5A98EAA3E093}.Debug|x86.ActiveCfg = Debug|x86
		{BF18C7F8-97B3-4D77-9550-5A98EAA3E093}.Debug|x86.Build.0 = Debug|x86
		{BF18C7F8-97B3-4D77-9550-5A98EAA3E093}.Release|Any CPU.ActiveCfg = Release|x86
		{BF18C7F8-97B3-4D77-9550-5A98EAA3E093}.Release|Mixed Platforms.ActiveCfg = Release|x86
		{BF18C7F8-97B3-4D77-9550-5A98EAA3E093}.Release|Mixed Platforms.Build.0 = Release|x86
		{BF18C7F8-97B3-4D77-9550-5A98EAA3E093}.Release|x86.ActiveCfg = Release|x86
		{BF18C7F8-97B3-4D77-9550-5A98EAA3E093}.Release|x86.Build.0 = Release|x86
		{22D7CC3F-7949-4D01-BC29-5EFCBCF778A9}.Debug|Any CPU.ActiveCfg = Debug|Any CPU
		{22D7CC3F-7949-4D01-BC29-5EFCBCF778A9}.Debug|Any CPU.Build.0 = Debug|Any CPU
		{22D7CC3F-7949-4D01-BC29-5EFCBCF778A9}.Debug|Mixed Platforms.ActiveCfg = Debug|Any CPU
		{22D7CC3F-7949-4D01-BC29-5EFCBCF778A9}.Debug|Mixed Platforms.Build.0 = Debug|Any CPU
		{22D7CC3F-7949-4D01-BC29-5EFCBCF778A9}.Debug|x86.ActiveCfg = Debug|Any CPU
		{22D7CC3F-7949-4D01-BC29-5EFCBCF778A9}.Release|Any CPU.ActiveCfg = Release|Any CPU
		{22D7CC3F-7949-4D01-BC29-5EFCBCF778A9}.Release|Any CPU.Build.0 = Release|Any CPU
		{22D7CC3F-7949-4D01-BC29-5EFCBCF778A9}.Release|Mixed Platforms.ActiveCfg = Release|Any CPU
		{22D7CC3F-7949-4D01-BC29-5EFCBCF778A9}.Release|Mixed Platforms.Build.0 = Release|Any CPU
		{22D7CC3F-7949-4D01-BC29-5EFCBCF778A9}.Release|x86.ActiveCfg = Release|Any CPU
	EndGlobalSection
	GlobalSection(SolutionProperties) = preSolution
		HideSolutionNode = FALSE
	EndGlobalSection
EndGlobal
