
Microsoft Visual Studio Solution File, Format Version 12.00
# Visual Studio Version 17
VisualStudioVersion = 17.0.31903.59
MinimumVisualStudioVersion = 10.0.40219.1
Project("{FAE04EC0-301F-11D3-BF4B-00C04F79EFBC}") = "TokenGenerator", "TokenGenerator\TokenGenerator.csproj", "{8DFD8B78-863C-481F-B0C6-66A5DAE4DF62}"
EndProject
Project("{FAE04EC0-301F-11D3-BF4B-00C04F79EFBC}") = "TeacherApi", "TeacherApi\TeacherApi.csproj", "{F2BA9FDA-6EE8-4300-A611-FFF7E6E74439}"
EndProject
Global
	GlobalSection(SolutionConfigurationPlatforms) = preSolution
		Debug|Any CPU = Debug|Any CPU
		Release|Any CPU = Release|Any CPU
	EndGlobalSection
	GlobalSection(ProjectConfigurationPlatforms) = postSolution
		{8DFD8B78-863C-481F-B0C6-66A5DAE4DF62}.Debug|Any CPU.ActiveCfg = Debug|Any CPU
		{8DFD8B78-863C-481F-B0C6-66A5DAE4DF62}.Debug|Any CPU.Build.0 = Debug|Any CPU
		{8DFD8B78-863C-481F-B0C6-66A5DAE4DF62}.Release|Any CPU.ActiveCfg = Release|Any CPU
		{8DFD8B78-863C-481F-B0C6-66A5DAE4DF62}.Release|Any CPU.Build.0 = Release|Any CPU
		{F2BA9FDA-6EE8-4300-A611-FFF7E6E74439}.Debug|Any CPU.ActiveCfg = Debug|Any CPU
		{F2BA9FDA-6EE8-4300-A611-FFF7E6E74439}.Debug|Any CPU.Build.0 = Debug|Any CPU
		{F2BA9FDA-6EE8-4300-A611-FFF7E6E74439}.Release|Any CPU.ActiveCfg = Release|Any CPU
		{F2BA9FDA-6EE8-4300-A611-FFF7E6E74439}.Release|Any CPU.Build.0 = Release|Any CPU
	EndGlobalSection
	GlobalSection(SolutionProperties) = preSolution
		HideSolutionNode = FALSE
	EndGlobalSection
	GlobalSection(ExtensibilityGlobals) = postSolution
		SolutionGuid = {09BC8E2F-2DBD-475F-B13F-D1AE245DADB7}
	EndGlobalSection
EndGlobal
