Microsoft Visual Studio Solution File, Format Version 12.00
# Visual Studio Version 17
VisualStudioVersion = 17.5.2.0
MinimumVisualStudioVersion = 10.0.40219.1
Project("{FAE04EC0-301F-11D3-BF4B-00C04F79EFBC}") = "ProductGrpc", "ProductGrpc.csproj", "{FC97085D-8545-C278-9D11-AB64CC81379F}"
EndProject
Global
	GlobalSection(SolutionConfigurationPlatforms) = preSolution
		Debug|Any CPU = Debug|Any CPU
		Release|Any CPU = Release|Any CPU
	EndGlobalSection
	GlobalSection(ProjectConfigurationPlatforms) = postSolution
		{FC97085D-8545-C278-9D11-AB64CC81379F}.Debug|Any CPU.ActiveCfg = Debug|Any CPU
		{FC97085D-8545-C278-9D11-AB64CC81379F}.Debug|Any CPU.Build.0 = Debug|Any CPU
		{FC97085D-8545-C278-9D11-AB64CC81379F}.Release|Any CPU.ActiveCfg = Release|Any CPU
		{FC97085D-8545-C278-9D11-AB64CC81379F}.Release|Any CPU.Build.0 = Release|Any CPU
	EndGlobalSection
	GlobalSection(SolutionProperties) = preSolution
		HideSolutionNode = FALSE
	EndGlobalSection
	GlobalSection(ExtensibilityGlobals) = postSolution
		SolutionGuid = {FF42AA1B-BB07-4B57-A641-F4A763811AB2}
	EndGlobalSection
EndGlobal
