
Microsoft Visual Studio Solution File, Format Version 12.00
# Visual Studio Version 16
VisualStudioVersion = 16.0.30320.27
MinimumVisualStudioVersion = 10.0.40219.1
Project("{9A19103F-16F7-4668-BE54-9A1E7A4F7556}") = "Vending.Core", "Vending.Core\Vending.Core.csproj", "{49E08E42-88E0-425F-90DF-363F027230D3}"
EndProject
Project("{9A19103F-16F7-4668-BE54-9A1E7A4F7556}") = "Vending.Core.Tests", "Vending.Core.Tests\Vending.Core.Tests.csproj", "{C6C708D0-D927-46DE-B1F6-B1DAC0377DCF}"
EndProject
Project("{9A19103F-16F7-4668-BE54-9A1E7A4F7556}") = "Vending.Core.WebApi", "Vending.Core.WebApi\Vending.Core.WebApi.csproj", "{180C6B65-FC78-4FE3-A02E-447552DB7E2C}"
EndProject
Project("{FAE04EC0-301F-11D3-BF4B-00C04F79EFBC}") = "Vending.Common", "Vending.Common\Vending.Common.csproj", "{FC3BF0C6-78E3-4A3F-807E-04476FC86EB5}"
EndProject
Global
	GlobalSection(SolutionConfigurationPlatforms) = preSolution
		Debug|Any CPU = Debug|Any CPU
		Release|Any CPU = Release|Any CPU
	EndGlobalSection
	GlobalSection(ProjectConfigurationPlatforms) = postSolution
		{49E08E42-88E0-425F-90DF-363F027230D3}.Debug|Any CPU.ActiveCfg = Debug|Any CPU
		{49E08E42-88E0-425F-90DF-363F027230D3}.Debug|Any CPU.Build.0 = Debug|Any CPU
		{49E08E42-88E0-425F-90DF-363F027230D3}.Release|Any CPU.ActiveCfg = Release|Any CPU
		{49E08E42-88E0-425F-90DF-363F027230D3}.Release|Any CPU.Build.0 = Release|Any CPU
		{C6C708D0-D927-46DE-B1F6-B1DAC0377DCF}.Debug|Any CPU.ActiveCfg = Debug|Any CPU
		{C6C708D0-D927-46DE-B1F6-B1DAC0377DCF}.Debug|Any CPU.Build.0 = Debug|Any CPU
		{C6C708D0-D927-46DE-B1F6-B1DAC0377DCF}.Release|Any CPU.ActiveCfg = Release|Any CPU
		{C6C708D0-D927-46DE-B1F6-B1DAC0377DCF}.Release|Any CPU.Build.0 = Release|Any CPU
		{180C6B65-FC78-4FE3-A02E-447552DB7E2C}.Debug|Any CPU.ActiveCfg = Debug|Any CPU
		{180C6B65-FC78-4FE3-A02E-447552DB7E2C}.Debug|Any CPU.Build.0 = Debug|Any CPU
		{180C6B65-FC78-4FE3-A02E-447552DB7E2C}.Release|Any CPU.ActiveCfg = Release|Any CPU
		{180C6B65-FC78-4FE3-A02E-447552DB7E2C}.Release|Any CPU.Build.0 = Release|Any CPU
		{FC3BF0C6-78E3-4A3F-807E-04476FC86EB5}.Debug|Any CPU.ActiveCfg = Debug|Any CPU
		{FC3BF0C6-78E3-4A3F-807E-04476FC86EB5}.Debug|Any CPU.Build.0 = Debug|Any CPU
		{FC3BF0C6-78E3-4A3F-807E-04476FC86EB5}.Release|Any CPU.ActiveCfg = Release|Any CPU
		{FC3BF0C6-78E3-4A3F-807E-04476FC86EB5}.Release|Any CPU.Build.0 = Release|Any CPU
	EndGlobalSection
	GlobalSection(SolutionProperties) = preSolution
		HideSolutionNode = FALSE
	EndGlobalSection
	GlobalSection(ExtensibilityGlobals) = postSolution
		SolutionGuid = {BBC9B0B3-CCC3-48F3-853B-F199E200F1F8}
	EndGlobalSection
EndGlobal
