
Microsoft Visual Studio Solution File, Format Version 11.00
# Visual Studio 2010
Project("{FAE04EC0-301F-11D3-BF4B-00C04F79EFBC}") = "WCFService", "WCFService\WCFService.csproj", "{DAFD5DB7-F929-4F01-B9E1-8A39483E1BB0}"
EndProject
Project("{FAE04EC0-301F-11D3-BF4B-00C04F79EFBC}") = "WCFServiceLibrary", "WCFServiceLibrary\WCFServiceLibrary.csproj", "{81FEA601-BB19-4622-8F21-2CDD5EA10570}"
EndProject
Project("{FAE04EC0-301F-11D3-BF4B-00C04F79EFBC}") = "WCFClient", "WCFClient\WCFClient.csproj", "{E25CA186-4C32-43D9-A4EF-493010B509FC}"
EndProject
Project("{FAE04EC0-301F-11D3-BF4B-00C04F79EFBC}") = "WCFBusiness", "WCFBusiness\WCFBusiness.csproj", "{5A609E96-9614-4968-9119-AE32D80722B0}"
EndProject
Global
	GlobalSection(SolutionConfigurationPlatforms) = preSolution
		Debug|Any CPU = Debug|Any CPU
		Debug|Mixed Platforms = Debug|Mixed Platforms
		Debug|x86 = Debug|x86
		Release|Any CPU = Release|Any CPU
		Release|Mixed Platforms = Release|Mixed Platforms
		Release|x86 = Release|x86
	EndGlobalSection
	GlobalSection(ProjectConfigurationPlatforms) = postSolution
		{DAFD5DB7-F929-4F01-B9E1-8A39483E1BB0}.Debug|Any CPU.ActiveCfg = Debug|x86
		{DAFD5DB7-F929-4F01-B9E1-8A39483E1BB0}.Debug|Mixed Platforms.ActiveCfg = Debug|x86
		{DAFD5DB7-F929-4F01-B9E1-8A39483E1BB0}.Debug|Mixed Platforms.Build.0 = Debug|x86
		{DAFD5DB7-F929-4F01-B9E1-8A39483E1BB0}.Debug|x86.ActiveCfg = Debug|x86
		{DAFD5DB7-F929-4F01-B9E1-8A39483E1BB0}.Debug|x86.Build.0 = Debug|x86
		{DAFD5DB7-F929-4F01-B9E1-8A39483E1BB0}.Release|Any CPU.ActiveCfg = Release|x86
		{DAFD5DB7-F929-4F01-B9E1-8A39483E1BB0}.Release|Mixed Platforms.ActiveCfg = Release|x86
		{DAFD5DB7-F929-4F01-B9E1-8A39483E1BB0}.Release|Mixed Platforms.Build.0 = Release|x86
		{DAFD5DB7-F929-4F01-B9E1-8A39483E1BB0}.Release|x86.ActiveCfg = Release|x86
		{DAFD5DB7-F929-4F01-B9E1-8A39483E1BB0}.Release|x86.Build.0 = Release|x86
		{81FEA601-BB19-4622-8F21-2CDD5EA10570}.Debug|Any CPU.ActiveCfg = Debug|Any CPU
		{81FEA601-BB19-4622-8F21-2CDD5EA10570}.Debug|Any CPU.Build.0 = Debug|Any CPU
		{81FEA601-BB19-4622-8F21-2CDD5EA10570}.Debug|Mixed Platforms.ActiveCfg = Debug|Any CPU
		{81FEA601-BB19-4622-8F21-2CDD5EA10570}.Debug|Mixed Platforms.Build.0 = Debug|Any CPU
		{81FEA601-BB19-4622-8F21-2CDD5EA10570}.Debug|x86.ActiveCfg = Debug|Any CPU
		{81FEA601-BB19-4622-8F21-2CDD5EA10570}.Release|Any CPU.ActiveCfg = Release|Any CPU
		{81FEA601-BB19-4622-8F21-2CDD5EA10570}.Release|Any CPU.Build.0 = Release|Any CPU
		{81FEA601-BB19-4622-8F21-2CDD5EA10570}.Release|Mixed Platforms.ActiveCfg = Release|Any CPU
		{81FEA601-BB19-4622-8F21-2CDD5EA10570}.Release|Mixed Platforms.Build.0 = Release|Any CPU
		{81FEA601-BB19-4622-8F21-2CDD5EA10570}.Release|x86.ActiveCfg = Release|Any CPU
		{E25CA186-4C32-43D9-A4EF-493010B509FC}.Debug|Any CPU.ActiveCfg = Debug|x86
		{E25CA186-4C32-43D9-A4EF-493010B509FC}.Debug|Mixed Platforms.ActiveCfg = Debug|x86
		{E25CA186-4C32-43D9-A4EF-493010B509FC}.Debug|Mixed Platforms.Build.0 = Debug|x86
		{E25CA186-4C32-43D9-A4EF-493010B509FC}.Debug|x86.ActiveCfg = Debug|x86
		{E25CA186-4C32-43D9-A4EF-493010B509FC}.Debug|x86.Build.0 = Debug|x86
		{E25CA186-4C32-43D9-A4EF-493010B509FC}.Release|Any CPU.ActiveCfg = Release|x86
		{E25CA186-4C32-43D9-A4EF-493010B509FC}.Release|Mixed Platforms.ActiveCfg = Release|x86
		{E25CA186-4C32-43D9-A4EF-493010B509FC}.Release|Mixed Platforms.Build.0 = Release|x86
		{E25CA186-4C32-43D9-A4EF-493010B509FC}.Release|x86.ActiveCfg = Release|x86
		{E25CA186-4C32-43D9-A4EF-493010B509FC}.Release|x86.Build.0 = Release|x86
		{5A609E96-9614-4968-9119-AE32D80722B0}.Debug|Any CPU.ActiveCfg = Debug|Any CPU
		{5A609E96-9614-4968-9119-AE32D80722B0}.Debug|Any CPU.Build.0 = Debug|Any CPU
		{5A609E96-9614-4968-9119-AE32D80722B0}.Debug|Mixed Platforms.ActiveCfg = Debug|Any CPU
		{5A609E96-9614-4968-9119-AE32D80722B0}.Debug|Mixed Platforms.Build.0 = Debug|Any CPU
		{5A609E96-9614-4968-9119-AE32D80722B0}.Debug|x86.ActiveCfg = Debug|Any CPU
		{5A609E96-9614-4968-9119-AE32D80722B0}.Release|Any CPU.ActiveCfg = Release|Any CPU
		{5A609E96-9614-4968-9119-AE32D80722B0}.Release|Any CPU.Build.0 = Release|Any CPU
		{5A609E96-9614-4968-9119-AE32D80722B0}.Release|Mixed Platforms.ActiveCfg = Release|Any CPU
		{5A609E96-9614-4968-9119-AE32D80722B0}.Release|Mixed Platforms.Build.0 = Release|Any CPU
		{5A609E96-9614-4968-9119-AE32D80722B0}.Release|x86.ActiveCfg = Release|Any CPU
	EndGlobalSection
	GlobalSection(SolutionProperties) = preSolution
		HideSolutionNode = FALSE
	EndGlobalSection
EndGlobal
