
Microsoft Visual Studio Solution File, Format Version 11.00
# Visual Studio 2010
Project("{FAE04EC0-301F-11D3-BF4B-00C04F79EFBC}") = "BusinessServiceContracts", "BusinessServiceContracts\BusinessServiceContracts.csproj", "{7157CD6B-83B9-4C40-99B9-0096E5232625}"
EndProject
Project("{FAE04EC0-301F-11D3-BF4B-00C04F79EFBC}") = "BusinessServices", "BusinessServices\BusinessServices.csproj", "{A9EA407C-AFC3-40A3-96B0-CBAEB1086E3D}"
EndProject
Project("{FAE04EC0-301F-11D3-BF4B-00C04F79EFBC}") = "Host", "Host\Host.csproj", "{9F1DE03B-391B-4FCC-B2F3-64A1D5FFCAD0}"
EndProject
Project("{FAE04EC0-301F-11D3-BF4B-00C04F79EFBC}") = "Client", "Client\Client.csproj", "{779C40EA-20B1-4A92-AE21-313FF864CFE5}"
EndProject
Global
	GlobalSection(SolutionConfigurationPlatforms) = preSolution
		Debug|Any CPU = Debug|Any CPU
		Release|Any CPU = Release|Any CPU
	EndGlobalSection
	GlobalSection(ProjectConfigurationPlatforms) = postSolution
		{7157CD6B-83B9-4C40-99B9-0096E5232625}.Debug|Any CPU.ActiveCfg = Debug|Any CPU
		{7157CD6B-83B9-4C40-99B9-0096E5232625}.Debug|Any CPU.Build.0 = Debug|Any CPU
		{7157CD6B-83B9-4C40-99B9-0096E5232625}.Release|Any CPU.ActiveCfg = Release|Any CPU
		{7157CD6B-83B9-4C40-99B9-0096E5232625}.Release|Any CPU.Build.0 = Release|Any CPU
		{A9EA407C-AFC3-40A3-96B0-CBAEB1086E3D}.Debug|Any CPU.ActiveCfg = Debug|Any CPU
		{A9EA407C-AFC3-40A3-96B0-CBAEB1086E3D}.Debug|Any CPU.Build.0 = Debug|Any CPU
		{A9EA407C-AFC3-40A3-96B0-CBAEB1086E3D}.Release|Any CPU.ActiveCfg = Release|Any CPU
		{A9EA407C-AFC3-40A3-96B0-CBAEB1086E3D}.Release|Any CPU.Build.0 = Release|Any CPU
		{9F1DE03B-391B-4FCC-B2F3-64A1D5FFCAD0}.Debug|Any CPU.ActiveCfg = Debug|Any CPU
		{9F1DE03B-391B-4FCC-B2F3-64A1D5FFCAD0}.Debug|Any CPU.Build.0 = Debug|Any CPU
		{9F1DE03B-391B-4FCC-B2F3-64A1D5FFCAD0}.Release|Any CPU.ActiveCfg = Release|Any CPU
		{9F1DE03B-391B-4FCC-B2F3-64A1D5FFCAD0}.Release|Any CPU.Build.0 = Release|Any CPU
		{779C40EA-20B1-4A92-AE21-313FF864CFE5}.Debug|Any CPU.ActiveCfg = Debug|Any CPU
		{779C40EA-20B1-4A92-AE21-313FF864CFE5}.Debug|Any CPU.Build.0 = Debug|Any CPU
		{779C40EA-20B1-4A92-AE21-313FF864CFE5}.Release|Any CPU.ActiveCfg = Release|Any CPU
		{779C40EA-20B1-4A92-AE21-313FF864CFE5}.Release|Any CPU.Build.0 = Release|Any CPU
	EndGlobalSection
	GlobalSection(SolutionProperties) = preSolution
		HideSolutionNode = FALSE
	EndGlobalSection
EndGlobal
